{
  "requires": true,
  "lockfileVersion": 1,
  "dependencies": {
    "@elhss/backpack_router": {
      "version": "1.0.0",
      "resolved": "https://registry.npmjs.org/@elhss/backpack_router/-/backpack_router-1.0.0.tgz",
      "integrity": "sha512-d9psHjv70DRrRGIUcU3wYZxH5WIC6WKBCnOHuUx2yRXUSzt60Pu6bhI3q6e/HTmOzkHU+9YmbnUpHcSurviy8g=="
    },
    "@elhss/backpack_server1": {
      "version": "1.0.0",
      "resolved": "https://registry.npmjs.org/@elhss/backpack_server1/-/backpack_server1-1.0.0.tgz",
      "integrity": "sha512-/r0MzYPlOv5JRE07/vt5ns7gZ2xrK4ENJCCq6KAbruCG49TYGHHhf2mYM9i3dqL3kZpdhtlXGVsY9tshQTBc/w=="
    }
  }
}
